PODS:
  - MJRefresh (3.1.16)
  - YYModel (1.0.4)
  - ZZAdd (0.0.1)
  - ZZArtboardButton (0.0.1)
  - ZZTabViewBar (0.0.1)

DEPENDENCIES:
  - MJRefresh
  - YYModel
  - ZZAdd (from `./LocalPods/ZZAdd`)
  - ZZArtboardButton (from `./LocalPods/ZZArtboardButton`)
  - ZZTabViewBar (from `./LocalPods/ZZTabViewBar`)

EXTERNAL SOURCES:
  ZZAdd:
    :path: ./LocalPods/ZZAdd
  ZZArtboardButton:
    :path: ./LocalPods/ZZArtboardButton
  ZZTabViewBar:
    :path: ./LocalPods/ZZTabViewBar

SPEC CHECKSUMS:
  MJRefresh: 7798e16e53a5ef7f332dd05b27664db4e29530fd
  YYModel: 2a7fdd96aaa4b86a824e26d0c517de8928c04b30
  ZZAdd: 5a3cc1dae108ca0c4e38f86127f5422a7278be81
  ZZArtboardButton: be311ecc713b949f8997f2f1b01aff4c54ac9c5f
  ZZTabViewBar: 87aad9c4569778d57ebb27f24ac020c1d9104f79

PODFILE CHECKSUM: d7f82222a36f3468e6df017a511b737267b6ecc9

COCOAPODS: 1.4.0
